Microsoft Visual Studio Solution File, Format Version 12.00
# Visual Studio Version 17
VisualStudioVersion = 17.5.2.0
MinimumVisualStudioVersion = 10.0.40219.1
Project("{FAE04EC0-301F-11D3-BF4B-00C04F79EFBC}") = "webAppMilbr", "webAppMilbr.csproj", "{4F97521D-A369-09CE-FB44-6ED0D54EBCBA}"
EndProject
Global
	GlobalSection(SolutionConfigurationPlatforms) = preSolution
		Debug|Any CPU = Debug|Any CPU
		Release|Any CPU = Release|Any CPU
	EndGlobalSection
	GlobalSection(ProjectConfigurationPlatforms) = postSolution
		{4F97521D-A369-09CE-FB44-6ED0D54EBCBA}.Debug|Any CPU.ActiveCfg = Debug|Any CPU
		{4F97521D-A369-09CE-FB44-6ED0D54EBCBA}.Debug|Any CPU.Build.0 = Debug|Any CPU
		{4F97521D-A369-09CE-FB44-6ED0D54EBCBA}.Release|Any CPU.ActiveCfg = Release|Any CPU
		{4F97521D-A369-09CE-FB44-6ED0D54EBCBA}.Release|Any CPU.Build.0 = Release|Any CPU
	EndGlobalSection
	GlobalSection(SolutionProperties) = preSolution
		HideSolutionNode = FALSE
	EndGlobalSection
	GlobalSection(ExtensibilityGlobals) = postSolution
		SolutionGuid = {56F202C0-2E89-40E5-958E-EA4489FB5AAD}
	EndGlobalSection
EndGlobal
